// !$*UTF8*$!
{
	archiveVersion = 1;
	classes = {
	};
	objectVersion = 52;
	objects = {

/* Begin PBXBuildFile section */
		1818F7EF268B32A100484023 /* AppDelegate.swift in Sources */ = {isa = PBXBuildFile; fileRef = 1818F7EE268B32A100484023 /* AppDelegate.swift */; };
		1818F7F1268B32A100484023 /* SceneDelegate.swift in Sources */ = {isa = PBXBuildFile; fileRef = 1818F7F0268B32A100484023 /* SceneDelegate.swift */; };
		1818F7F3268B32A100484023 /* ListViewController.swift in Sources */ = {isa = PBXBuildFile; fileRef = 1818F7F2268B32A100484023 /* ListViewController.swift */; };
		1818F7F6268B32A100484023 /* Main.storyboard in Resources */ = {isa = PBXBuildFile; fileRef = 1818F7F4268B32A100484023 /* Main.storyboard */; };
		1818F7F9268B32A100484023 /* TestJSON.xcdatamodeld in Sources */ = {isa = PBXBuildFile; fileRef = 1818F7F7268B32A100484023 /* TestJSON.xcdatamodeld */; };
		1818F7FB268B32A200484023 /* Assets.xcassets in Resources */ = {isa = PBXBuildFile; fileRef = 1818F7FA268B32A200484023 /* Assets.xcassets */; };
		1818F7FE268B32A200484023 /* LaunchScreen.storyboard in Resources */ = {isa = PBXBuildFile; fileRef = 1818F7FC268B32A200484023 /* LaunchScreen.storyboard */; };
		1818F808268B356A00484023 /* DataModel.swift in Sources */ = {isa = PBXBuildFile; fileRef = 1818F807268B356A00484023 /* DataModel.swift */; };
		1818F813268B3B6500484023 /* Alamofire in Frameworks */ = {isa = PBXBuildFile; productRef = 1818F812268B3B6500484023 /* Alamofire */; };
		1818F817268B3BE200484023 /* Network manager.swift in Sources */ = {isa = PBXBuildFile; fileRef = 1818F816268B3BE200484023 /* Network manager.swift */; };
		2F15BFC7268C7A1100803C7F /* AlertManager.swift in Sources */ = {isa = PBXBuildFile; fileRef = 2F15BFC6268C7A1100803C7F /* AlertManager.swift */; };
		2F15BFC9268C853800803C7F /* ListViewModel.swift in Sources */ = {isa = PBXBuildFile; fileRef = 2F15BFC8268C853800803C7F /* ListViewModel.swift */; };
/* End PBXBuildFile section */

/* Begin PBXFileReference section */
		1818F7EB268B32A100484023 /* TestJSON.app */ = {isa = PBXFileReference; explicitFileType = wrapper.application; includeInIndex = 0; path = TestJSON.app; sourceTree = BUILT_PRODUCTS_DIR; };
		1818F7EE268B32A100484023 /* AppDelegate.swift */ = {isa = PBXFileReference; lastKnownFileType = sourcecode.swift; path = AppDelegate.swift; sourceTree = "<group>"; };
		1818F7F0268B32A100484023 /* SceneDelegate.swift */ = {isa = PBXFileReference; lastKnownFileType = sourcecode.swift; path = SceneDelegate.swift; sourceTree = "<group>"; };
		1818F7F2268B32A100484023 /* ListViewController.swift */ = {isa = PBXFileReference; lastKnownFileType = sourcecode.swift; path = ListViewController.swift; sourceTree = "<group>"; };
		1818F7F5268B32A100484023 /* Base */ = {isa = PBXFileReference; lastKnownFileType = file.storyboard; name = Base; path = Base.lproj/Main.storyboard; sourceTree = "<group>"; };
		1818F7F8268B32A100484023 /* TestJSON.xcdatamodel */ = {isa = PBXFileReference; lastKnownFileType = wrapper.xcdatamodel; path = TestJSON.xcdatamodel; sourceTree = "<group>"; };
		1818F7FA268B32A200484023 /* Assets.xcassets */ = {isa = PBXFileReference; lastKnownFileType = folder.assetcatalog; path = Assets.xcassets; sourceTree = "<group>"; };
		1818F7FD268B32A200484023 /* Base */ = {isa = PBXFileReference; lastKnownFileType = file.storyboard; name = Base; path = Base.lproj/LaunchScreen.storyboard; sourceTree = "<group>"; };
		1818F7FF268B32A200484023 /* Info.plist */ = {isa = PBXFileReference; lastKnownFileType = text.plist.xml; path = Info.plist; sourceTree = "<group>"; };
		1818F807268B356A00484023 /* DataModel.swift */ = {isa = PBXFileReference; lastKnownFileType = sourcecode.swift; path = DataModel.swift; sourceTree = "<group>"; };
		1818F816268B3BE200484023 /* Network manager.swift */ = {isa = PBXFileReference; lastKnownFileType = sourcecode.swift; path = "Network manager.swift"; sourceTree = "<group>"; };
		2F15BFC6268C7A1100803C7F /* AlertManager.swift */ = {isa = PBXFileReference; lastKnownFileType = sourcecode.swift; path = AlertManager.swift; sourceTree = "<group>"; };
		2F15BFC8268C853800803C7F /* ListViewModel.swift */ = {isa = PBXFileReference; lastKnownFileType = sourcecode.swift; path = ListViewModel.swift; sourceTree = "<group>"; };
/* End PBXFileReference section */

/* Begin PBXFrameworksBuildPhase section */
		1818F7E8268B32A100484023 /* Frameworks */ = {
			isa = PBXFrameworksBuildPhase;
			buildActionMask = 2147483647;
			files = (
				1818F813268B3B6500484023 /* Alamofire in Frameworks */,
			);
			runOnlyForDeploymentPostprocessing = 0;
		};
/* End PBXFrameworksBuildPhase section */

/* Begin PBXGroup section */
		1818F7E2268B32A100484023 = {
			isa = PBXGroup;
			children = (
				1818F7ED268B32A100484023 /* TestJSON */,
				1818F7EC268B32A100484023 /* Products */,
			);
			sourceTree = "<group>";
		};
		1818F7EC268B32A100484023 /* Products */ = {
			isa = PBXGroup;
			children = (
				1818F7EB268B32A100484023 /* TestJSON.app */,
			);
			name = Products;
			sourceTree = "<group>";
		};
		1818F7ED268B32A100484023 /* TestJSON */ = {
			isa = PBXGroup;
			children = (
				2F15BFCA268C8FA500803C7F /* List */,
				1818F80E268B38E200484023 /* Resourses */,
				1818F80D268B38D200484023 /* Storyboards */,
				1818F80C268B382300484023 /* Models */,
				1818F80B268B37B500484023 /* Supporting files */,
				1818F815268B3BBC00484023 /* Managers */,
			);
			path = TestJSON;
			sourceTree = "<group>";
		};
		1818F80B268B37B500484023 /* Supporting files */ = {
			isa = PBXGroup;
			children = (
				1818F7FF268B32A200484023 /* Info.plist */,
				1818F7EE268B32A100484023 /* AppDelegate.swift */,
				1818F7F0268B32A100484023 /* SceneDelegate.swift */,
				1818F7F7268B32A100484023 /* TestJSON.xcdatamodeld */,
			);
			path = "Supporting files";
			sourceTree = "<group>";
		};
		1818F80C268B382300484023 /* Models */ = {
			isa = PBXGroup;
			children = (
				1818F807268B356A00484023 /* DataModel.swift */,
			);
			path = Models;
			sourceTree = "<group>";
		};
		1818F80D268B38D200484023 /* Storyboards */ = {
			isa = PBXGroup;
			children = (
				1818F7F4268B32A100484023 /* Main.storyboard */,
				1818F7FC268B32A200484023 /* LaunchScreen.storyboard */,
			);
			path = Storyboards;
			sourceTree = "<group>";
		};
		1818F80E268B38E200484023 /* Resourses */ = {
			isa = PBXGroup;
			children = (
				1818F7FA268B32A200484023 /* Assets.xcassets */,
			);
			path = Resourses;
			sourceTree = "<group>";
		};
		1818F815268B3BBC00484023 /* Managers */ = {
			isa = PBXGroup;
			children = (
				1818F816268B3BE200484023 /* Network manager.swift */,
				2F15BFC6268C7A1100803C7F /* AlertManager.swift */,
			);
			path = Managers;
			sourceTree = "<group>";
		};
		2F15BFCA268C8FA500803C7F /* List */ = {
			isa = PBXGroup;
			children = (
				1818F7F2268B32A100484023 /* ListViewController.swift */,
				2F15BFC8268C853800803C7F /* ListViewModel.swift */,
			);
			path = List;
			sourceTree = "<group>";
		};
/* End PBXGroup section */

/* Begin PBXNativeTarget section */
		1818F7EA268B32A100484023 /* TestJSON */ = {
			isa = PBXNativeTarget;
			buildConfigurationList = 1818F802268B32A200484023 /* Build configuration list for PBXNativeTarget "TestJSON" */;
			buildPhases = (
				1818F7E7268B32A100484023 /* Sources */,
				1818F7E8268B32A100484023 /* Frameworks */,
				1818F7E9268B32A100484023 /* Resources */,
			);
			buildRules = (
			);
			dependencies = (
			);
			name = TestJSON;
			packageProductDependencies = (
				1818F812268B3B6500484023 /* Alamofire */,
			);
			productName = TestJSON;
			productReference = 1818F7EB268B32A100484023 /* TestJSON.app */;
			productType = "com.apple.product-type.application";
		};
/* End PBXNativeTarget section */

/* Begin PBXProject section */
		1818F7E3268B32A100484023 /* Project object */ = {
			isa = PBXProject;
			attributes = {
				LastSwiftUpdateCheck = 1240;
				LastUpgradeCheck = 1240;
				TargetAttributes = {
					1818F7EA268B32A100484023 = {
						CreatedOnToolsVersion = 12.4;
					};
				};
			};
			buildConfigurationList = 1818F7E6268B32A100484023 /* Build configuration list for PBXProject "TestJSON" */;
			compatibilityVersion = "Xcode 9.3";
			developmentRegion = en;
			hasScannedForEncodings = 0;
			knownRegions = (
				en,
				Base,
			);
			mainGroup = 1818F7E2268B32A100484023;
			packageReferences = (
				1818F811268B3B6500484023 /* XCRemoteSwiftPackageReference "Alamofire" */,
			);
			productRefGroup = 1818F7EC268B32A100484023 /* Products */;
			projectDirPath = "";
			projectRoot = "";
			targets = (
				1818F7EA268B32A100484023 /* TestJSON */,
			);
		};
/* End PBXProject section */

/* Begin PBXResourcesBuildPhase section */
		1818F7E9268B32A100484023 /* Resources */ = {
			isa = PBXResourcesBuildPhase;
			buildActionMask = 2147483647;
			files = (
				1818F7FE268B32A200484023 /* LaunchScreen.storyboard in Resources */,
				1818F7FB268B32A200484023 /* Assets.xcassets in Resources */,
				1818F7F6268B32A100484023 /* Main.storyboard in Resources */,
			);
			runOnlyForDeploymentPostprocessing = 0;
		};
/* End PBXResourcesBuildPhase section */

/* Begin PBXSourcesBuildPhase section */
		1818F7E7268B32A100484023 /* Sources */ = {
			isa = PBXSourcesBuildPhase;
			buildActionMask = 2147483647;
			files = (
				2F15BFC7268C7A1100803C7F /* AlertManager.swift in Sources */,
				2F15BFC9268C853800803C7F /* ListViewModel.swift in Sources */,
				1818F808268B356A00484023 /* DataModel.swift in Sources */,
				1818F7F3268B32A100484023 /* ListViewController.swift in Sources */,
				1818F7EF268B32A100484023 /* AppDelegate.swift in Sources */,
				1818F817268B3BE200484023 /* Network manager.swift in Sources */,
				1818F7F1268B32A100484023 /* SceneDelegate.swift in Sources */,
				1818F7F9268B32A100484023 /* TestJSON.xcdatamodeld in Sources */,
			);
			runOnlyForDeploymentPostprocessing = 0;
		};
/* End PBXSourcesBuildPhase section */

/* Begin PBXVariantGroup section */
		1818F7F4268B32A100484023 /* Main.storyboard */ = {
			isa = PBXVariantGroup;
			children = (
				1818F7F5268B32A100484023 /* Base */,
			);
			name = Main.storyboard;
			sourceTree = "<group>";
		};
		1818F7FC268B32A200484023 /* LaunchScreen.storyboard */ = {
			isa = PBXVariantGroup;
			children = (
				1818F7FD268B32A200484023 /* Base */,
			);
			name = LaunchScreen.storyboard;
			sourceTree = "<group>";
		};
/* End PBXVariantGroup section */

/* Begin XCBuildConfiguration section */
		1818F800268B32A200484023 /* Debug */ = {
			isa = XCBuildConfiguration;
			buildSettings = {
				ALWAYS_SEARCH_USER_PATHS = NO;
				CLANG_ANALYZER_NONNULL = YES;
				CLANG_ANALYZER_NUMBER_OBJECT_CONVERSION = YES_AGGRESSIVE;
				CLANG_CXX_LANGUAGE_STANDARD = "gnu++14";
				CLANG_CXX_LIBRARY = "libc++";
				CLANG_ENABLE_MODULES = YES;
				CLANG_ENABLE_OBJC_ARC = YES;
				CLANG_ENABLE_OBJC_WEAK = YES;
				CLANG_WARN_BLOCK_CAPTURE_AUTORELEASING = YES;
				CLANG_WARN_BOOL_CONVERSION = YES;
				CLANG_WARN_COMMA = YES;
				CLANG_WARN_CONSTANT_CONVERSION = YES;
				CLANG_WARN_DEPRECATED_OBJC_IMPLEMENTATIONS = YES;
				CLANG_WARN_DIRECT_OBJC_ISA_USAGE = YES_ERROR;
				CLANG_WARN_DOCUMENTATION_COMMENTS = YES;
				CLANG_WARN_EMPTY_BODY = YES;
				CLANG_WARN_ENUM_CONVERSION = YES;
				CLANG_WARN_INFINITE_RECURSION = YES;
				CLANG_WARN_INT_CONVERSION = YES;
				CLANG_WARN_NON_LITERAL_NULL_CONVERSION = YES;
				CLANG_WARN_OBJC_IMPLICIT_RETAIN_SELF = YES;
				CLANG_WARN_OBJC_LITERAL_CONVERSION = YES;
				CLANG_WARN_OBJC_ROOT_CLASS = YES_ERROR;
				CLANG_WARN_QUOTED_INCLUDE_IN_FRAMEWORK_HEADER = YES;
				CLANG_WARN_RANGE_LOOP_ANALYSIS = YES;
				CLANG_WARN_STRICT_PROTOTYPES = YES;
				CLANG_WARN_SUSPICIOUS_MOVE = YES;
				CLANG_WARN_UNGUARDED_AVAILABILITY = YES_AGGRESSIVE;
				CLANG_WARN_UNREACHABLE_CODE = YES;
				CLANG_WARN__DUPLICATE_METHOD_MATCH = YES;
				COPY_PHASE_STRIP = NO;
				DEBUG_INFORMATION_FORMAT = dwarf;
				ENABLE_STRICT_OBJC_MSGSEND = YES;
				ENABLE_TESTABILITY = YES;
				GCC_C_LANGUAGE_STANDARD = gnu11;
				GCC_DYNAMIC_NO_PIC = NO;
				GCC_NO_COMMON_BLOCKS = YES;
				GCC_OPTIMIZATION_LEVEL = 0;
				GCC_PREPROCESSOR_DEFINITIONS = (
					"DEBUG=1",
					"$(inherited)",
				);
				GCC_WARN_64_TO_32_BIT_CONVERSION = YES;
				GCC_WARN_ABOUT_RETURN_TYPE = YES_ERROR;
				GCC_WARN_UNDECLARED_SELECTOR = YES;
				GCC_WARN_UNINITIALIZED_AUTOS = YES_AGGRESSIVE;
				GCC_WARN_UNUSED_FUNCTION = YES;
				GCC_WARN_UNUSED_VARIABLE = YES;
				IPHONEOS_DEPLOYMENT_TARGET = 14.4;
				MTL_ENABLE_DEBUG_INFO = INCLUDE_SOURCE;
				MTL_FAST_MATH = YES;
				ONLY_ACTIVE_ARCH = YES;
				SDKROOT = iphoneos;
				SWIFT_ACTIVE_COMPILATION_CONDITIONS = DEBUG;
				SWIFT_OPTIMIZATION_LEVEL = "-Onone";
			};
			name = Debug;
		};
		1818F801268B32A200484023 /* Release */ = {
			isa = XCBuildConfiguration;
			buildSettings = {
				ALWAYS_SEARCH_USER_PATHS = NO;
				CLANG_ANALYZER_NONNULL = YES;
				CLANG_ANALYZER_NUMBER_OBJECT_CONVERSION = YES_AGGRESSIVE;
				CLANG_CXX_LANGUAGE_STANDARD = "gnu++14";
				CLANG_CXX_LIBRARY = "libc++";
				CLANG_ENABLE_MODULES = YES;
				CLANG_ENABLE_OBJC_ARC = YES;
				CLANG_ENABLE_OBJC_WEAK = YES;
				CLANG_WARN_BLOCK_CAPTURE_AUTORELEASING = YES;
				CLANG_WARN_BOOL_CONVERSION = YES;
				CLANG_WARN_COMMA = YES;
				CLANG_WARN_CONSTANT_CONVERSION = YES;
				CLANG_WARN_DEPRECATED_OBJC_IMPLEMENTATIONS = YES;
				CLANG_WARN_DIRECT_OBJC_ISA_USAGE = YES_ERROR;
				CLANG_WARN_DOCUMENTATION_COMMENTS = YES;
				CLANG_WARN_EMPTY_BODY = YES;
				CLANG_WARN_ENUM_CONVERSION = YES;
				CLANG_WARN_INFINITE_RECURSION = YES;
				CLANG_WARN_INT_CONVERSION = YES;
				CLANG_WARN_NON_LITERAL_NULL_CONVERSION = YES;
				CLANG_WARN_OBJC_IMPLICIT_RETAIN_SELF = YES;
				CLANG_WARN_OBJC_LITERAL_CONVERSION = YES;
				CLANG_WARN_OBJC_ROOT_CLASS = YES_ERROR;
				CLANG_WARN_QUOTED_INCLUDE_IN_FRAMEWORK_HEADER = YES;
				CLANG_WARN_RANGE_LOOP_ANALYSIS = YES;
				CLANG_WARN_STRICT_PROTOTYPES = YES;
				CLANG_WARN_SUSPICIOUS_MOVE = YES;
				CLANG_WARN_UNGUARDED_AVAILABILITY = YES_AGGRESSIVE;
				CLANG_WARN_UNREACHABLE_CODE = YES;
				CLANG_WARN__DUPLICATE_METHOD_MATCH = YES;
				COPY_PHASE_STRIP = NO;
				DEBUG_INFORMATION_FORMAT = "dwarf-with-dsym";
				ENABLE_NS_ASSERTIONS = NO;
				ENABLE_STRICT_OBJC_MSGSEND = YES;
				GCC_C_LANGUAGE_STANDARD = gnu11;
				GCC_NO_COMMON_BLOCKS = YES;
				GCC_WARN_64_TO_32_BIT_CONVERSION = YES;
				GCC_WARN_ABOUT_RETURN_TYPE = YES_ERROR;
				GCC_WARN_UNDECLARED_SELECTOR = YES;
				GCC_WARN_UNINITIALIZED_AUTOS = YES_AGGRESSIVE;
				GCC_WARN_UNUSED_FUNCTION = YES;
				GCC_WARN_UNUSED_VARIABLE = YES;
				IPHONEOS_DEPLOYMENT_TARGET = 14.4;
				MTL_ENABLE_DEBUG_INFO = NO;
				MTL_FAST_MATH = YES;
				SDKROOT = iphoneos;
				SWIFT_COMPILATION_MODE = wholemodule;
				SWIFT_OPTIMIZATION_LEVEL = "-O";
				VALIDATE_PRODUCT = YES;
			};
			name = Release;
		};
		1818F803268B32A200484023 /* Debug */ = {
			isa = XCBuildConfiguration;
			buildSettings = {
				ASSETCATALOG_COMPILER_APPICON_NAME = AppIcon;
				ASSETCATALOG_COMPILER_GLOBAL_ACCENT_COLOR_NAME = AccentColor;
				CODE_SIGN_STYLE = Automatic;
				DEVELOPMENT_TEAM = KFL2ZFQWR4;
				INFOPLIST_FILE = "TestJSON/Supporting files/Info.plist";
				LD_RUNPATH_SEARCH_PATHS = (
					"$(inherited)",
					"@executable_path/Frameworks",
				);
				PRODUCT_BUNDLE_IDENTIFIER = ddimpalass.TestJSON;
				PRODUCT_NAME = "$(TARGET_NAME)";
				SWIFT_VERSION = 5.0;
				TARGETED_DEVICE_FAMILY = 1;
			};
			name = Debug;
		};
		1818F804268B32A200484023 /* Release */ = {
			isa = XCBuildConfiguration;
			buildSettings = {
				ASSETCATALOG_COMPILER_APPICON_NAME = AppIcon;
				ASSETCATALOG_COMPILER_GLOBAL_ACCENT_COLOR_NAME = AccentColor;
				CODE_SIGN_STYLE = Automatic;
				DEVELOPMENT_TEAM = KFL2ZFQWR4;
				INFOPLIST_FILE = "TestJSON/Supporting files/Info.plist";
				LD_RUNPATH_SEARCH_PATHS = (
					"$(inherited)",
					"@executable_path/Frameworks",
				);
				PRODUCT_BUNDLE_IDENTIFIER = ddimpalass.TestJSON;
				PRODUCT_NAME = "$(TARGET_NAME)";
				SWIFT_VERSION = 5.0;
				TARGETED_DEVICE_FAMILY = 1;
			};
			name = Release;
		};
/* End XCBuildConfiguration section */

/* Begin XCConfigurationList section */
		1818F7E6268B32A100484023 /* Build configuration list for PBXProject "TestJSON" */ = {
			isa = XCConfigurationList;
			buildConfigurations = (
				1818F800268B32A200484023 /* Debug */,
				1818F801268B32A200484023 /* Release */,
			);
			defaultConfigurationIsVisible = 0;
			defaultConfigurationName = Release;
		};
		1818F802268B32A200484023 /* Build configuration list for PBXNativeTarget "TestJSON" */ = {
			isa = XCConfigurationList;
			buildConfigurations = (
				1818F803268B32A200484023 /* Debug */,
				1818F804268B32A200484023 /* Release */,
			);
			defaultConfigurationIsVisible = 0;
			defaultConfigurationName = Release;
		};
/* End XCConfigurationList section */

/* Begin XCRemoteSwiftPackageReference section */
		1818F811268B3B6500484023 /* XCRemoteSwiftPackageReference "Alamofire" */ = {
			isa = XCRemoteSwiftPackageReference;
			repositoryURL = "https://github.com/Alamofire/Alamofire";
			requirement = {
				kind = upToNextMajorVersion;
				minimumVersion = 5.4.3;
			};
		};
/* End XCRemoteSwiftPackageReference section */

/* Begin XCSwiftPackageProductDependency section */
		1818F812268B3B6500484023 /* Alamofire */ = {
			isa = XCSwiftPackageProductDependency;
			package = 1818F811268B3B6500484023 /* XCRemoteSwiftPackageReference "Alamofire" */;
			productName = Alamofire;
		};
/* End XCSwiftPackageProductDependency section */

/* Begin XCVersionGroup section */
		1818F7F7268B32A100484023 /* TestJSON.xcdatamodeld */ = {
			isa = XCVersionGroup;
			children = (
				1818F7F8268B32A100484023 /* TestJSON.xcdatamodel */,
			);
			currentVersion = 1818F7F8268B32A100484023 /* TestJSON.xcdatamodel */;
			path = TestJSON.xcdatamodeld;
			sourceTree = "<group>";
			versionGroupType = wrapper.xcdatamodel;
		};
/* End XCVersionGroup section */
	};
	rootObject = 1818F7E3268B32A100484023 /* Project object */;
}
